
Microsoft Visual Studio Solution File, Format Version 12.00
# Visual Studio Version 17
VisualStudioVersion = 17.6.33829.357
MinimumVisualStudioVersion = 10.0.40219.1
Project("{9A19103F-16F7-4668-BE54-9A1E7A4F7556}") = "NineDigit.ChduLite", "NineDigit.ChduLite\NineDigit.ChduLite.csproj", "{1C63E2E2-1603-4D7F-BF3F-B0ED0B5350D7}"
EndProject
Project("{9A19103F-16F7-4668-BE54-9A1E7A4F7556}") = "NineDigit.ChduLite.Examples", "NineDigit.ChduLite.Examples\NineDigit.ChduLite.Examples.csproj", "{87A1E294-098C-4EE7-B38F-1353B041C9B6}"
EndProject
Project("{2150E333-8FDC-42A3-9474-1A3956D46DE8}") = "Solution Items", "Solution Items", "{5D8610B5-7FA8-40D9-B423-EF4B572C91BE}"
	ProjectSection(SolutionItems) = preProject
		CreateNuGetPackage.props = CreateNuGetPackage.props
		LICENSE = LICENSE
		Versions.props = Versions.props
	EndProjectSection
EndProject
Project("{2150E333-8FDC-42A3-9474-1A3956D46DE8}") = "Docs", "Docs", "{38E3D64D-E598-4740-BFC2-4A2F6925C32E}"
	ProjectSection(SolutionItems) = preProject
		docs\@špecifikacia komunikácie P150300 v1.3.pdf = docs\@špecifikacia komunikácie P150300 v1.3.pdf
	EndProjectSection
EndProject
Global
	GlobalSection(SolutionConfigurationPlatforms) = preSolution
		Debug|Any CPU = Debug|Any CPU
		Release|Any CPU = Release|Any CPU
	EndGlobalSection
	GlobalSection(ProjectConfigurationPlatforms) = postSolution
		{1C63E2E2-1603-4D7F-BF3F-B0ED0B5350D7}.Debug|Any CPU.ActiveCfg = Debug|Any CPU
		{1C63E2E2-1603-4D7F-BF3F-B0ED0B5350D7}.Debug|Any CPU.Build.0 = Debug|Any CPU
		{1C63E2E2-1603-4D7F-BF3F-B0ED0B5350D7}.Release|Any CPU.ActiveCfg = Release|Any CPU
		{1C63E2E2-1603-4D7F-BF3F-B0ED0B5350D7}.Release|Any CPU.Build.0 = Release|Any CPU
		{87A1E294-098C-4EE7-B38F-1353B041C9B6}.Debug|Any CPU.ActiveCfg = Debug|Any CPU
		{87A1E294-098C-4EE7-B38F-1353B041C9B6}.Debug|Any CPU.Build.0 = Debug|Any CPU
		{87A1E294-098C-4EE7-B38F-1353B041C9B6}.Release|Any CPU.ActiveCfg = Release|Any CPU
		{87A1E294-098C-4EE7-B38F-1353B041C9B6}.Release|Any CPU.Build.0 = Release|Any CPU
	EndGlobalSection
	GlobalSection(SolutionProperties) = preSolution
		HideSolutionNode = FALSE
	EndGlobalSection
	GlobalSection(ExtensibilityGlobals) = postSolution
		SolutionGuid = {F2630387-92E5-4E72-AAFB-4CE36E237E23}
	EndGlobalSection
EndGlobal
